
Microsoft Visual Studio Solution File, Format Version 12.00
# Visual Studio Version 16
VisualStudioVersion = 16.0.30002.166
MinimumVisualStudioVersion = 10.0.40219.1
Project("{FAE04EC0-301F-11D3-BF4B-00C04F79EFBC}") = "AnalaizerClass", "AnalaizerClass.csproj", "{CFC63EA8-DC51-47FA-B2A6-AE303ED13DF8}"
EndProject
Global
	GlobalSection(SolutionConfigurationPlatforms) = preSolution
		Debug|Any CPU = Debug|Any CPU
		Release|Any CPU = Release|Any CPU
	EndGlobalSection
	GlobalSection(ProjectConfigurationPlatforms) = postSolution
		{CFC63EA8-DC51-47FA-B2A6-AE303ED13DF8}.Debug|Any CPU.ActiveCfg = Debug|Any CPU
		{CFC63EA8-DC51-47FA-B2A6-AE303ED13DF8}.Debug|Any CPU.Build.0 = Debug|Any CPU
		{CFC63EA8-DC51-47FA-B2A6-AE303ED13DF8}.Release|Any CPU.ActiveCfg = Release|Any CPU
		{CFC63EA8-DC51-47FA-B2A6-AE303ED13DF8}.Release|Any CPU.Build.0 = Release|Any CPU
	EndGlobalSection
	GlobalSection(SolutionProperties) = preSolution
		HideSolutionNode = FALSE
	EndGlobalSection
	GlobalSection(ExtensibilityGlobals) = postSolution
		SolutionGuid = {A141376D-F994-4F22-A4B4-9C09F7E01B55}
	EndGlobalSection
EndGlobal
